// !$*UTF8*$!
{
	archiveVersion = 1;
	classes = {
	};
	objectVersion = 46;
	objects = {

/* Begin PBXBuildFile section */
		D1776EF71E9F1E9900133C96 /* main.m in Sources */ = {isa = PBXBuildFile; fileRef = D1776EF61E9F1E9900133C96 /* main.m */; };
		D1776EFA1E9F1E9900133C96 /* AppDelegate.m in Sources */ = {isa = PBXBuildFile; fileRef = D1776EF91E9F1E9900133C96 /* AppDelegate.m */; };
		D1776EFD1E9F1E9900133C96 /* ViewController.m in Sources */ = {isa = PBXBuildFile; fileRef = D1776EFC1E9F1E9900133C96 /* ViewController.m */; };
		D1776F001E9F1E9A00133C96 /* Main.storyboard in Resources */ = {isa = PBXBuildFile; fileRef = D1776EFE1E9F1E9A00133C96 /* Main.storyboard */; };
		D1776F021E9F1E9A00133C96 /* Assets.xcassets in Resources */ = {isa = PBXBuildFile; fileRef = D1776F011E9F1E9A00133C96 /* Assets.xcassets */; };
		D1776F051E9F1E9A00133C96 /* LaunchScreen.storyboard in Resources */ = {isa = PBXBuildFile; fileRef = D1776F031E9F1E9A00133C96 /* LaunchScreen.storyboard */; };
		D1776F101E9F1E9A00133C96 /* Runtime__Tests.m in Sources */ = {isa = PBXBuildFile; fileRef = D1776F0F1E9F1E9A00133C96 /* Runtime__Tests.m */; };
		D1776F1B1E9F1E9A00133C96 /* Runtime__UITests.m in Sources */ = {isa = PBXBuildFile; fileRef = D1776F1A1E9F1E9A00133C96 /* Runtime__UITests.m */; };
		D1776F2B1E9F201000133C96 /* ZXDBaseCellModel.m in Sources */ = {isa = PBXBuildFile; fileRef = D1776F2A1E9F201000133C96 /* ZXDBaseCellModel.m */; };
		D1776F2E1E9F214500133C96 /* ZXDBaseCell.m in Sources */ = {isa = PBXBuildFile; fileRef = D1776F2D1E9F214500133C96 /* ZXDBaseCell.m */; };
		D1776F311E9F236000133C96 /* ZXDTableViewConverter.m in Sources */ = {isa = PBXBuildFile; fileRef = D1776F301E9F236000133C96 /* ZXDTableViewConverter.m */; };
		D1776F341E9F494800133C96 /* RuntimeListCell.m in Sources */ = {isa = PBXBuildFile; fileRef = D1776F331E9F494800133C96 /* RuntimeListCell.m */; };
		D1776F371E9F515F00133C96 /* OneVC.m in Sources */ = {isa = PBXBuildFile; fileRef = D1776F361E9F515F00133C96 /* OneVC.m */; };
		D1776F3A1E9F516D00133C96 /* TwoVC.m in Sources */ = {isa = PBXBuildFile; fileRef = D1776F391E9F516D00133C96 /* TwoVC.m */; };
		D1776F3D1E9F517A00133C96 /* ThreeVC.m in Sources */ = {isa = PBXBuildFile; fileRef = D1776F3C1E9F517A00133C96 /* ThreeVC.m */; };
		D1776F401E9F519200133C96 /* FourVC.m in Sources */ = {isa = PBXBuildFile; fileRef = D1776F3F1E9F519200133C96 /* FourVC.m */; };
		D1776F431E9F519C00133C96 /* FiveVC.m in Sources */ = {isa = PBXBuildFile; fileRef = D1776F421E9F519C00133C96 /* FiveVC.m */; };
		D1776F461E9F51A800133C96 /* SixVC.m in Sources */ = {isa = PBXBuildFile; fileRef = D1776F451E9F51A800133C96 /* SixVC.m */; };
		D1776F491E9F51B800133C96 /* SevenVC.m in Sources */ = {isa = PBXBuildFile; fileRef = D1776F481E9F51B800133C96 /* SevenVC.m */; };
		D1776F4C1E9F55B200133C96 /* BaseVC.m in Sources */ = {isa = PBXBuildFile; fileRef = D1776F4B1E9F55B200133C96 /* BaseVC.m */; };
		D1776F501E9F6F2200133C96 /* Person.m in Sources */ = {isa = PBXBuildFile; fileRef = D1776F4F1E9F6F2200133C96 /* Person.m */; };
		D1776F571E9F8AB300133C96 /* UIImage+ZXD_Image.m in Sources */ = {isa = PBXBuildFile; fileRef = D1776F561E9F8AB300133C96 /* UIImage+ZXD_Image.m */; };
		D1776F5D1EA064AB00133C96 /* picon.jpg in Resources */ = {isa = PBXBuildFile; fileRef = D1776F5C1EA064AA00133C96 /* picon.jpg */; };
		D1776F5F1EA0651300133C96 /* icon2.jpg in Resources */ = {isa = PBXBuildFile; fileRef = D1776F5E1EA0651300133C96 /* icon2.jpg */; };
		D1776F621EA067E000133C96 /* EightVC.m in Sources */ = {isa = PBXBuildFile; fileRef = D1776F611EA067E000133C96 /* EightVC.m */; };
		D1776F651EA068DD00133C96 /* Person+AddProperty.m in Sources */ = {isa = PBXBuildFile; fileRef = D1776F641EA068DD00133C96 /* Person+AddProperty.m */; };
		D1776F681EA0745700133C96 /* Animal.m in Sources */ = {isa = PBXBuildFile; fileRef = D1776F671EA0745700133C96 /* Animal.m */; };
/* End PBXBuildFile section */

/* Begin PBXContainerItemProxy section */
		D1776F0C1E9F1E9A00133C96 /* PBXContainerItemProxy */ = {
			isa = PBXContainerItemProxy;
			containerPortal = D1776EEA1E9F1E9900133C96 /* Project object */;
			proxyType = 1;
			remoteGlobalIDString = D1776EF11E9F1E9900133C96;
			remoteInfo = "Runtime练习";
		};
		D1776F171E9F1E9A00133C96 /* PBXContainerItemProxy */ = {
			isa = PBXContainerItemProxy;
			containerPortal = D1776EEA1E9F1E9900133C96 /* Project object */;
			proxyType = 1;
			remoteGlobalIDString = D1776EF11E9F1E9900133C96;
			remoteInfo = "Runtime练习";
		};
/* End PBXContainerItemProxy section */

/* Begin PBXFileReference section */
		D1776EF21E9F1E9900133C96 /* Runtime练习.app */ = {isa = PBXFileReference; explicitFileType = wrapper.application; includeInIndex = 0; path = "Runtime练习.app"; sourceTree = BUILT_PRODUCTS_DIR; };
		D1776EF61E9F1E9900133C96 /* main.m */ = {isa = PBXFileReference; lastKnownFileType = sourcecode.c.objc; path = main.m; sourceTree = "<group>"; };
		D1776EF81E9F1E9900133C96 /* AppDelegate.h */ = {isa = PBXFileReference; lastKnownFileType = sourcecode.c.h; path = AppDelegate.h; sourceTree = "<group>"; };
		D1776EF91E9F1E9900133C96 /* AppDelegate.m */ = {isa = PBXFileReference; lastKnownFileType = sourcecode.c.objc; path = AppDelegate.m; sourceTree = "<group>"; };
		D1776EFB1E9F1E9900133C96 /* ViewController.h */ = {isa = PBXFileReference; lastKnownFileType = sourcecode.c.h; path = ViewController.h; sourceTree = "<group>"; };
		D1776EFC1E9F1E9900133C96 /* ViewController.m */ = {isa = PBXFileReference; lastKnownFileType = sourcecode.c.objc; path = ViewController.m; sourceTree = "<group>"; };
		D1776EFF1E9F1E9A00133C96 /* Base */ = {isa = PBXFileReference; lastKnownFileType = file.storyboard; name = Base; path = Base.lproj/Main.storyboard; sourceTree = "<group>"; };
		D1776F011E9F1E9A00133C96 /* Assets.xcassets */ = {isa = PBXFileReference; lastKnownFileType = folder.assetcatalog; path = Assets.xcassets; sourceTree = "<group>"; };
		D1776F041E9F1E9A00133C96 /* Base */ = {isa = PBXFileReference; lastKnownFileType = file.storyboard; name = Base; path = Base.lproj/LaunchScreen.storyboard; sourceTree = "<group>"; };
		D1776F061E9F1E9A00133C96 /* Info.plist */ = {isa = PBXFileReference; lastKnownFileType = text.plist.xml; path = Info.plist; sourceTree = "<group>"; };
		D1776F0B1E9F1E9A00133C96 /* Runtime练习Tests.xctest */ = {isa = PBXFileReference; explicitFileType = wrapper.cfbundle; includeInIndex = 0; path = "Runtime练习Tests.xctest"; sourceTree = BUILT_PRODUCTS_DIR; };
		D1776F0F1E9F1E9A00133C96 /* Runtime__Tests.m */ = {isa = PBXFileReference; lastKnownFileType = sourcecode.c.objc; path = Runtime__Tests.m; sourceTree = "<group>"; };
		D1776F111E9F1E9A00133C96 /* Info.plist */ = {isa = PBXFileReference; lastKnownFileType = text.plist.xml; path = Info.plist; sourceTree = "<group>"; };
		D1776F161E9F1E9A00133C96 /* Runtime练习UITests.xctest */ = {isa = PBXFileReference; explicitFileType = wrapper.cfbundle; includeInIndex = 0; path = "Runtime练习UITests.xctest"; sourceTree = BUILT_PRODUCTS_DIR; };
		D1776F1A1E9F1E9A00133C96 /* Runtime__UITests.m */ = {isa = PBXFileReference; lastKnownFileType = sourcecode.c.objc; path = Runtime__UITests.m; sourceTree = "<group>"; };
		D1776F1C1E9F1E9A00133C96 /* Info.plist */ = {isa = PBXFileReference; lastKnownFileType = text.plist.xml; path = Info.plist; sourceTree = "<group>"; };
		D1776F291E9F201000133C96 /* ZXDBaseCellModel.h */ = {isa = PBXFileReference; fileEncoding = 4; lastKnownFileType = sourcecode.c.h; path = ZXDBaseCellModel.h; sourceTree = "<group>"; };
		D1776F2A1E9F201000133C96 /* ZXDBaseCellModel.m */ = {isa = PBXFileReference; fileEncoding = 4; lastKnownFileType = sourcecode.c.objc; path = ZXDBaseCellModel.m; sourceTree = "<group>"; };
		D1776F2C1E9F214500133C96 /* ZXDBaseCell.h */ = {isa = PBXFileReference; fileEncoding = 4; lastKnownFileType = sourcecode.c.h; path = ZXDBaseCell.h; sourceTree = "<group>"; };
		D1776F2D1E9F214500133C96 /* ZXDBaseCell.m */ = {isa = PBXFileReference; fileEncoding = 4; lastKnownFileType = sourcecode.c.objc; path = ZXDBaseCell.m; sourceTree = "<group>"; };
		D1776F2F1E9F236000133C96 /* ZXDTableViewConverter.h */ = {isa = PBXFileReference; fileEncoding = 4; lastKnownFileType = sourcecode.c.h; path = ZXDTableViewConverter.h; sourceTree = "<group>"; };
		D1776F301E9F236000133C96 /* ZXDTableViewConverter.m */ = {isa = PBXFileReference; fileEncoding = 4; lastKnownFileType = sourcecode.c.objc; path = ZXDTableViewConverter.m; sourceTree = "<group>"; };
		D1776F321E9F494800133C96 /* RuntimeListCell.h */ = {isa = PBXFileReference; fileEncoding = 4; lastKnownFileType = sourcecode.c.h; path = RuntimeListCell.h; sourceTree = "<group>"; };
		D1776F331E9F494800133C96 /* RuntimeListCell.m */ = {isa = PBXFileReference; fileEncoding = 4; lastKnownFileType = sourcecode.c.objc; path = RuntimeListCell.m; sourceTree = "<group>"; };
		D1776F351E9F515F00133C96 /* OneVC.h */ = {isa = PBXFileReference; fileEncoding = 4; lastKnownFileType = sourcecode.c.h; path = OneVC.h; sourceTree = "<group>"; };
		D1776F361E9F515F00133C96 /* OneVC.m */ = {isa = PBXFileReference; fileEncoding = 4; lastKnownFileType = sourcecode.c.objc; path = OneVC.m; sourceTree = "<group>"; };
		D1776F381E9F516D00133C96 /* TwoVC.h */ = {isa = PBXFileReference; fileEncoding = 4; lastKnownFileType = sourcecode.c.h; path = TwoVC.h; sourceTree = "<group>"; };
		D1776F391E9F516D00133C96 /* TwoVC.m */ = {isa = PBXFileReference; fileEncoding = 4; lastKnownFileType = sourcecode.c.objc; path = TwoVC.m; sourceTree = "<group>"; };
		D1776F3B1E9F517A00133C96 /* ThreeVC.h */ = {isa = PBXFileReference; fileEncoding = 4; lastKnownFileType = sourcecode.c.h; path = ThreeVC.h; sourceTree = "<group>"; };
		D1776F3C1E9F517A00133C96 /* ThreeVC.m */ = {isa = PBXFileReference; fileEncoding = 4; lastKnownFileType = sourcecode.c.objc; path = ThreeVC.m; sourceTree = "<group>"; };
		D1776F3E1E9F519200133C96 /* FourVC.h */ = {isa = PBXFileReference; fileEncoding = 4; lastKnownFileType = sourcecode.c.h; path = FourVC.h; sourceTree = "<group>"; };
		D1776F3F1E9F519200133C96 /* FourVC.m */ = {isa = PBXFileReference; fileEncoding = 4; lastKnownFileType = sourcecode.c.objc; path = FourVC.m; sourceTree = "<group>"; };
		D1776F411E9F519C00133C96 /* FiveVC.h */ = {isa = PBXFileReference; fileEncoding = 4; lastKnownFileType = sourcecode.c.h; path = FiveVC.h; sourceTree = "<group>"; };
		D1776F421E9F519C00133C96 /* FiveVC.m */ = {isa = PBXFileReference; fileEncoding = 4; lastKnownFileType = sourcecode.c.objc; path = FiveVC.m; sourceTree = "<group>"; };
		D1776F441E9F51A800133C96 /* SixVC.h */ = {isa = PBXFileReference; fileEncoding = 4; lastKnownFileType = sourcecode.c.h; path = SixVC.h; sourceTree = "<group>"; };
		D1776F451E9F51A800133C96 /* SixVC.m */ = {isa = PBXFileReference; fileEncoding = 4; lastKnownFileType = sourcecode.c.objc; path = SixVC.m; sourceTree = "<group>"; };
		D1776F471E9F51B800133C96 /* SevenVC.h */ = {isa = PBXFileReference; fileEncoding = 4; lastKnownFileType = sourcecode.c.h; path = SevenVC.h; sourceTree = "<group>"; };
		D1776F481E9F51B800133C96 /* SevenVC.m */ = {isa = PBXFileReference; fileEncoding = 4; lastKnownFileType = sourcecode.c.objc; path = SevenVC.m; sourceTree = "<group>"; };
		D1776F4A1E9F55B200133C96 /* BaseVC.h */ = {isa = PBXFileReference; fileEncoding = 4; lastKnownFileType = sourcecode.c.h; path = BaseVC.h; sourceTree = "<group>"; };
		D1776F4B1E9F55B200133C96 /* BaseVC.m */ = {isa = PBXFileReference; fileEncoding = 4; lastKnownFileType = sourcecode.c.objc; path = BaseVC.m; sourceTree = "<group>"; };
		D1776F4E1E9F6F2200133C96 /* Person.h */ = {isa = PBXFileReference; fileEncoding = 4; lastKnownFileType = sourcecode.c.h; path = Person.h; sourceTree = "<group>"; };
		D1776F4F1E9F6F2200133C96 /* Person.m */ = {isa = PBXFileReference; fileEncoding = 4; lastKnownFileType = sourcecode.c.objc; path = Person.m; sourceTree = "<group>"; };
		D1776F551E9F8AB300133C96 /* UIImage+ZXD_Image.h */ = {isa = PBXFileReference; fileEncoding = 4; lastKnownFileType = sourcecode.c.h; path = "UIImage+ZXD_Image.h"; sourceTree = "<group>"; };
		D1776F561E9F8AB300133C96 /* UIImage+ZXD_Image.m */ = {isa = PBXFileReference; fileEncoding = 4; lastKnownFileType = sourcecode.c.objc; path = "UIImage+ZXD_Image.m"; sourceTree = "<group>"; };
		D1776F5C1EA064AA00133C96 /* picon.jpg */ = {isa = PBXFileReference; lastKnownFileType = image.jpeg; path = picon.jpg; sourceTree = "<group>"; };
		D1776F5E1EA0651300133C96 /* icon2.jpg */ = {isa = PBXFileReference; lastKnownFileType = image.jpeg; path = icon2.jpg; sourceTree = "<group>"; };
		D1776F601EA067E000133C96 /* EightVC.h */ = {isa = PBXFileReference; fileEncoding = 4; lastKnownFileType = sourcecode.c.h; path = EightVC.h; sourceTree = "<group>"; };
		D1776F611EA067E000133C96 /* EightVC.m */ = {isa = PBXFileReference; fileEncoding = 4; lastKnownFileType = sourcecode.c.objc; path = EightVC.m; sourceTree = "<group>"; };
		D1776F631EA068DD00133C96 /* Person+AddProperty.h */ = {isa = PBXFileReference; fileEncoding = 4; lastKnownFileType = sourcecode.c.h; path = "Person+AddProperty.h"; sourceTree = "<group>"; };
		D1776F641EA068DD00133C96 /* Person+AddProperty.m */ = {isa = PBXFileReference; fileEncoding = 4; lastKnownFileType = sourcecode.c.objc; path = "Person+AddProperty.m"; sourceTree = "<group>"; };
		D1776F661EA0745700133C96 /* Animal.h */ = {isa = PBXFileReference; fileEncoding = 4; lastKnownFileType = sourcecode.c.h; path = Animal.h; sourceTree = "<group>"; };
		D1776F671EA0745700133C96 /* Animal.m */ = {isa = PBXFileReference; fileEncoding = 4; lastKnownFileType = sourcecode.c.objc; path = Animal.m; sourceTree = "<group>"; };
/* End PBXFileReference section */

/* Begin PBXFrameworksBuildPhase section */
		D1776EEF1E9F1E9900133C96 /* Frameworks */ = {
			isa = PBXFrameworksBuildPhase;
			buildActionMask = 2147483647;
			files = (
			);
			runOnlyForDeploymentPostprocessing = 0;
		};
		D1776F081E9F1E9A00133C96 /* Frameworks */ = {
			isa = PBXFrameworksBuildPhase;
			buildActionMask = 2147483647;
			files = (
			);
			runOnlyForDeploymentPostprocessing = 0;
		};
		D1776F131E9F1E9A00133C96 /* Frameworks */ = {
			isa = PBXFrameworksBuildPhase;
			buildActionMask = 2147483647;
			files = (
			);
			runOnlyForDeploymentPostprocessing = 0;
		};
/* End PBXFrameworksBuildPhase section */

/* Begin PBXGroup section */
		D1776EE91E9F1E9900133C96 = {
			isa = PBXGroup;
			children = (
				D1776EF41E9F1E9900133C96 /* Runtime练习 */,
				D1776F0E1E9F1E9A00133C96 /* Runtime练习Tests */,
				D1776F191E9F1E9A00133C96 /* Runtime练习UITests */,
				D1776EF31E9F1E9900133C96 /* Products */,
			);
			sourceTree = "<group>";
		};
		D1776EF31E9F1E9900133C96 /* Products */ = {
			isa = PBXGroup;
			children = (
				D1776EF21E9F1E9900133C96 /* Runtime练习.app */,
				D1776F0B1E9F1E9A00133C96 /* Runtime练习Tests.xctest */,
				D1776F161E9F1E9A00133C96 /* Runtime练习UITests.xctest */,
			);
			name = Products;
			sourceTree = "<group>";
		};
		D1776EF41E9F1E9900133C96 /* Runtime练习 */ = {
			isa = PBXGroup;
			children = (
				D1776EF81E9F1E9900133C96 /* AppDelegate.h */,
				D1776EF91E9F1E9900133C96 /* AppDelegate.m */,
				D1776F4A1E9F55B200133C96 /* BaseVC.h */,
				D1776F4B1E9F55B200133C96 /* BaseVC.m */,
				D1776EFB1E9F1E9900133C96 /* ViewController.h */,
				D1776EFC1E9F1E9900133C96 /* ViewController.m */,
				D1776F321E9F494800133C96 /* RuntimeListCell.h */,
				D1776F331E9F494800133C96 /* RuntimeListCell.m */,
				D1776F351E9F515F00133C96 /* OneVC.h */,
				D1776F361E9F515F00133C96 /* OneVC.m */,
				D1776F381E9F516D00133C96 /* TwoVC.h */,
				D1776F391E9F516D00133C96 /* TwoVC.m */,
				D1776F3B1E9F517A00133C96 /* ThreeVC.h */,
				D1776F3C1E9F517A00133C96 /* ThreeVC.m */,
				D1776F3E1E9F519200133C96 /* FourVC.h */,
				D1776F3F1E9F519200133C96 /* FourVC.m */,
				D1776F411E9F519C00133C96 /* FiveVC.h */,
				D1776F421E9F519C00133C96 /* FiveVC.m */,
				D1776F441E9F51A800133C96 /* SixVC.h */,
				D1776F451E9F51A800133C96 /* SixVC.m */,
				D1776F471E9F51B800133C96 /* SevenVC.h */,
				D1776F481E9F51B800133C96 /* SevenVC.m */,
				D1776F601EA067E000133C96 /* EightVC.h */,
				D1776F611EA067E000133C96 /* EightVC.m */,
				D1776F5C1EA064AA00133C96 /* picon.jpg */,
				D1776F5E1EA0651300133C96 /* icon2.jpg */,
				D1776F4D1E9F6E7500133C96 /* Model */,
				D1776F281E9F1FED00133C96 /* BaseTableview */,
				D1776EFE1E9F1E9A00133C96 /* Main.storyboard */,
				D1776F011E9F1E9A00133C96 /* Assets.xcassets */,
				D1776F031E9F1E9A00133C96 /* LaunchScreen.storyboard */,
				D1776F061E9F1E9A00133C96 /* Info.plist */,
				D1776EF51E9F1E9900133C96 /* Supporting Files */,
			);
			path = "Runtime练习";
			sourceTree = "<group>";
		};
		D1776EF51E9F1E9900133C96 /* Supporting Files */ = {
			isa = PBXGroup;
			children = (
				D1776EF61E9F1E9900133C96 /* main.m */,
			);
			name = "Supporting Files";
			sourceTree = "<group>";
		};
		D1776F0E1E9F1E9A00133C96 /* Runtime练习Tests */ = {
			isa = PBXGroup;
			children = (
				D1776F0F1E9F1E9A00133C96 /* Runtime__Tests.m */,
				D1776F111E9F1E9A00133C96 /* Info.plist */,
			);
			path = "Runtime练习Tests";
			sourceTree = "<group>";
		};
		D1776F191E9F1E9A00133C96 /* Runtime练习UITests */ = {
			isa = PBXGroup;
			children = (
				D1776F1A1E9F1E9A00133C96 /* Runtime__UITests.m */,
				D1776F1C1E9F1E9A00133C96 /* Info.plist */,
			);
			path = "Runtime练习UITests";
			sourceTree = "<group>";
		};
		D1776F281E9F1FED00133C96 /* BaseTableview */ = {
			isa = PBXGroup;
			children = (
				D1776F291E9F201000133C96 /* ZXDBaseCellModel.h */,
				D1776F2A1E9F201000133C96 /* ZXDBaseCellModel.m */,
				D1776F2C1E9F214500133C96 /* ZXDBaseCell.h */,
				D1776F2D1E9F214500133C96 /* ZXDBaseCell.m */,
				D1776F2F1E9F236000133C96 /* ZXDTableViewConverter.h */,
				D1776F301E9F236000133C96 /* ZXDTableViewConverter.m */,
			);
			path = BaseTableview;
			sourceTree = "<group>";
		};
		D1776F4D1E9F6E7500133C96 /* Model */ = {
			isa = PBXGroup;
			children = (
				D1776F4E1E9F6F2200133C96 /* Person.h */,
				D1776F4F1E9F6F2200133C96 /* Person.m */,
				D1776F661EA0745700133C96 /* Animal.h */,
				D1776F671EA0745700133C96 /* Animal.m */,
				D1776F631EA068DD00133C96 /* Person+AddProperty.h */,
				D1776F641EA068DD00133C96 /* Person+AddProperty.m */,
				D1776F551E9F8AB300133C96 /* UIImage+ZXD_Image.h */,
				D1776F561E9F8AB300133C96 /* UIImage+ZXD_Image.m */,
			);
			name = Model;
			sourceTree = "<group>";
		};
/* End PBXGroup section */

/* Begin PBXNativeTarget section */
		D1776EF11E9F1E9900133C96 /* Runtime练习 */ = {
			isa = PBXNativeTarget;
			buildConfigurationList = D1776F1F1E9F1E9A00133C96 /* Build configuration list for PBXNativeTarget "Runtime练习" */;
			buildPhases = (
				D1776EEE1E9F1E9900133C96 /* Sources */,
				D1776EEF1E9F1E9900133C96 /* Frameworks */,
				D1776EF01E9F1E9900133C96 /* Resources */,
			);
			buildRules = (
			);
			dependencies = (
			);
			name = "Runtime练习";
			productName = "Runtime练习";
			productReference = D1776EF21E9F1E9900133C96 /* Runtime练习.app */;
			productType = "com.apple.product-type.application";
		};
		D1776F0A1E9F1E9A00133C96 /* Runtime练习Tests */ = {
			isa = PBXNativeTarget;
			buildConfigurationList = D1776F221E9F1E9A00133C96 /* Build configuration list for PBXNativeTarget "Runtime练习Tests" */;
			buildPhases = (
				D1776F071E9F1E9A00133C96 /* Sources */,
				D1776F081E9F1E9A00133C96 /* Frameworks */,
				D1776F091E9F1E9A00133C96 /* Resources */,
			);
			buildRules = (
			);
			dependencies = (
				D1776F0D1E9F1E9A00133C96 /* PBXTargetDependency */,
			);
			name = "Runtime练习Tests";
			productName = "Runtime练习Tests";
			productReference = D1776F0B1E9F1E9A00133C96 /* Runtime练习Tests.xctest */;
			productType = "com.apple.product-type.bundle.unit-test";
		};
		D1776F151E9F1E9A00133C96 /* Runtime练习UITests */ = {
			isa = PBXNativeTarget;
			buildConfigurationList = D1776F251E9F1E9A00133C96 /* Build configuration list for PBXNativeTarget "Runtime练习UITests" */;
			buildPhases = (
				D1776F121E9F1E9A00133C96 /* Sources */,
				D1776F131E9F1E9A00133C96 /* Frameworks */,
				D1776F141E9F1E9A00133C96 /* Resources */,
			);
			buildRules = (
			);
			dependencies = (
				D1776F181E9F1E9A00133C96 /* PBXTargetDependency */,
			);
			name = "Runtime练习UITests";
			productName = "Runtime练习UITests";
			productReference = D1776F161E9F1E9A00133C96 /* Runtime练习UITests.xctest */;
			productType = "com.apple.product-type.bundle.ui-testing";
		};
/* End PBXNativeTarget section */

/* Begin PBXProject section */
		D1776EEA1E9F1E9900133C96 /* Project object */ = {
			isa = PBXProject;
			attributes = {
				LastUpgradeCheck = 0820;
				ORGANIZATIONNAME = "--";
				TargetAttributes = {
					D1776EF11E9F1E9900133C96 = {
						CreatedOnToolsVersion = 8.2.1;
						ProvisioningStyle = Automatic;
					};
					D1776F0A1E9F1E9A00133C96 = {
						CreatedOnToolsVersion = 8.2.1;
						ProvisioningStyle = Automatic;
						TestTargetID = D1776EF11E9F1E9900133C96;
					};
					D1776F151E9F1E9A00133C96 = {
						CreatedOnToolsVersion = 8.2.1;
						ProvisioningStyle = Automatic;
						TestTargetID = D1776EF11E9F1E9900133C96;
					};
				};
			};
			buildConfigurationList = D1776EED1E9F1E9900133C96 /* Build configuration list for PBXProject "Runtime练习" */;
			compatibilityVersion = "Xcode 3.2";
			developmentRegion = English;
			hasScannedForEncodings = 0;
			knownRegions = (
				en,
				Base,
			);
			mainGroup = D1776EE91E9F1E9900133C96;
			productRefGroup = D1776EF31E9F1E9900133C96 /* Products */;
			projectDirPath = "";
			projectRoot = "";
			targets = (
				D1776EF11E9F1E9900133C96 /* Runtime练习 */,
				D1776F0A1E9F1E9A00133C96 /* Runtime练习Tests */,
				D1776F151E9F1E9A00133C96 /* Runtime练习UITests */,
			);
		};
/* End PBXProject section */

/* Begin PBXResourcesBuildPhase section */
		D1776EF01E9F1E9900133C96 /* Resources */ = {
			isa = PBXResourcesBuildPhase;
			buildActionMask = 2147483647;
			files = (
				D1776F051E9F1E9A00133C96 /* LaunchScreen.storyboard in Resources */,
				D1776F5F1EA0651300133C96 /* icon2.jpg in Resources */,
				D1776F021E9F1E9A00133C96 /* Assets.xcassets in Resources */,
				D1776F001E9F1E9A00133C96 /* Main.storyboard in Resources */,
				D1776F5D1EA064AB00133C96 /* picon.jpg in Resources */,
			);
			runOnlyForDeploymentPostprocessing = 0;
		};
		D1776F091E9F1E9A00133C96 /* Resources */ = {
			isa = PBXResourcesBuildPhase;
			buildActionMask = 2147483647;
			files = (
			);
			runOnlyForDeploymentPostprocessing = 0;
		};
		D1776F141E9F1E9A00133C96 /* Resources */ = {
			isa = PBXResourcesBuildPhase;
			buildActionMask = 2147483647;
			files = (
			);
			runOnlyForDeploymentPostprocessing = 0;
		};
/* End PBXResourcesBuildPhase section */

/* Begin PBXSourcesBuildPhase section */
		D1776EEE1E9F1E9900133C96 /* Sources */ = {
			isa = PBXSourcesBuildPhase;
			buildActionMask = 2147483647;
			files = (
				D1776F3A1E9F516D00133C96 /* TwoVC.m in Sources */,
				D1776EFD1E9F1E9900133C96 /* ViewController.m in Sources */,
				D1776EFA1E9F1E9900133C96 /* AppDelegate.m in Sources */,
				D1776F4C1E9F55B200133C96 /* BaseVC.m in Sources */,
				D1776F651EA068DD00133C96 /* Person+AddProperty.m in Sources */,
				D1776F571E9F8AB300133C96 /* UIImage+ZXD_Image.m in Sources */,
				D1776EF71E9F1E9900133C96 /* main.m in Sources */,
				D1776F311E9F236000133C96 /* ZXDTableViewConverter.m in Sources */,
				D1776F3D1E9F517A00133C96 /* ThreeVC.m in Sources */,
				D1776F491E9F51B800133C96 /* SevenVC.m in Sources */,
				D1776F431E9F519C00133C96 /* FiveVC.m in Sources */,
				D1776F2B1E9F201000133C96 /* ZXDBaseCellModel.m in Sources */,
				D1776F501E9F6F2200133C96 /* Person.m in Sources */,
				D1776F621EA067E000133C96 /* EightVC.m in Sources */,
				D1776F371E9F515F00133C96 /* OneVC.m in Sources */,
				D1776F401E9F519200133C96 /* FourVC.m in Sources */,
				D1776F341E9F494800133C96 /* RuntimeListCell.m in Sources */,
				D1776F681EA0745700133C96 /* Animal.m in Sources */,
				D1776F461E9F51A800133C96 /* SixVC.m in Sources */,
				D1776F2E1E9F214500133C96 /* ZXDBaseCell.m in Sources */,
			);
			runOnlyForDeploymentPostprocessing = 0;
		};
		D1776F071E9F1E9A00133C96 /* Sources */ = {
			isa = PBXSourcesBuildPhase;
			buildActionMask = 2147483647;
			files = (
				D1776F101E9F1E9A00133C96 /* Runtime__Tests.m in Sources */,
			);
			runOnlyForDeploymentPostprocessing = 0;
		};
		D1776F121E9F1E9A00133C96 /* Sources */ = {
			isa = PBXSourcesBuildPhase;
			buildActionMask = 2147483647;
			files = (
				D1776F1B1E9F1E9A00133C96 /* Runtime__UITests.m in Sources */,
			);
			runOnlyForDeploymentPostprocessing = 0;
		};
/* End PBXSourcesBuildPhase section */

/* Begin PBXTargetDependency section */
		D1776F0D1E9F1E9A00133C96 /* PBXTargetDependency */ = {
			isa = PBXTargetDependency;
			target = D1776EF11E9F1E9900133C96 /* Runtime练习 */;
			targetProxy = D1776F0C1E9F1E9A00133C96 /* PBXContainerItemProxy */;
		};
		D1776F181E9F1E9A00133C96 /* PBXTargetDependency */ = {
			isa = PBXTargetDependency;
			target = D1776EF11E9F1E9900133C96 /* Runtime练习 */;
			targetProxy = D1776F171E9F1E9A00133C96 /* PBXContainerItemProxy */;
		};
/* End PBXTargetDependency section */

/* Begin PBXVariantGroup section */
		D1776EFE1E9F1E9A00133C96 /* Main.storyboard */ = {
			isa = PBXVariantGroup;
			children = (
				D1776EFF1E9F1E9A00133C96 /* Base */,
			);
			name = Main.storyboard;
			sourceTree = "<group>";
		};
		D1776F031E9F1E9A00133C96 /* LaunchScreen.storyboard */ = {
			isa = PBXVariantGroup;
			children = (
				D1776F041E9F1E9A00133C96 /* Base */,
			);
			name = LaunchScreen.storyboard;
			sourceTree = "<group>";
		};
/* End PBXVariantGroup section */

/* Begin XCBuildConfiguration section */
		D1776F1D1E9F1E9A00133C96 /* Debug */ = {
			isa = XCBuildConfiguration;
			buildSettings = {
				ALWAYS_SEARCH_USER_PATHS = NO;
				CLANG_ANALYZER_NONNULL = YES;
				CLANG_CXX_LANGUAGE_STANDARD = "gnu++0x";
				CLANG_CXX_LIBRARY = "libc++";
				CLANG_ENABLE_MODULES = YES;
				CLANG_ENABLE_OBJC_ARC = YES;
				CLANG_WARN_BOOL_CONVERSION = YES;
				CLANG_WARN_CONSTANT_CONVERSION = YES;
				CLANG_WARN_DIRECT_OBJC_ISA_USAGE = YES_ERROR;
				CLANG_WARN_DOCUMENTATION_COMMENTS = YES;
				CLANG_WARN_EMPTY_BODY = YES;
				CLANG_WARN_ENUM_CONVERSION = YES;
				CLANG_WARN_INFINITE_RECURSION = YES;
				CLANG_WARN_INT_CONVERSION = YES;
				CLANG_WARN_OBJC_ROOT_CLASS = YES_ERROR;
				CLANG_WARN_SUSPICIOUS_MOVE = YES;
				CLANG_WARN_UNREACHABLE_CODE = YES;
				CLANG_WARN__DUPLICATE_METHOD_MATCH = YES;
				"CODE_SIGN_IDENTITY[sdk=iphoneos*]" = "iPhone Developer";
				COPY_PHASE_STRIP = NO;
				DEBUG_INFORMATION_FORMAT = dwarf;
				ENABLE_STRICT_OBJC_MSGSEND = YES;
				ENABLE_TESTABILITY = YES;
				GCC_C_LANGUAGE_STANDARD = gnu99;
				GCC_DYNAMIC_NO_PIC = NO;
				GCC_NO_COMMON_BLOCKS = YES;
				GCC_OPTIMIZATION_LEVEL = 0;
				GCC_PREPROCESSOR_DEFINITIONS = (
					"DEBUG=1",
					"$(inherited)",
				);
				GCC_WARN_64_TO_32_BIT_CONVERSION = YES;
				GCC_WARN_ABOUT_RETURN_TYPE = YES_ERROR;
				GCC_WARN_UNDECLARED_SELECTOR = YES;
				GCC_WARN_UNINITIALIZED_AUTOS = YES_AGGRESSIVE;
				GCC_WARN_UNUSED_FUNCTION = YES;
				GCC_WARN_UNUSED_VARIABLE = YES;
				IPHONEOS_DEPLOYMENT_TARGET = 10.2;
				MTL_ENABLE_DEBUG_INFO = YES;
				ONLY_ACTIVE_ARCH = YES;
				SDKROOT = iphoneos;
			};
			name = Debug;
		};
		D1776F1E1E9F1E9A00133C96 /* Release */ = {
			isa = XCBuildConfiguration;
			buildSettings = {
				ALWAYS_SEARCH_USER_PATHS = NO;
				CLANG_ANALYZER_NONNULL = YES;
				CLANG_CXX_LANGUAGE_STANDARD = "gnu++0x";
				CLANG_CXX_LIBRARY = "libc++";
				CLANG_ENABLE_MODULES = YES;
				CLANG_ENABLE_OBJC_ARC = YES;
				CLANG_WARN_BOOL_CONVERSION = YES;
				CLANG_WARN_CONSTANT_CONVERSION = YES;
				CLANG_WARN_DIRECT_OBJC_ISA_USAGE = YES_ERROR;
				CLANG_WARN_DOCUMENTATION_COMMENTS = YES;
				CLANG_WARN_EMPTY_BODY = YES;
				CLANG_WARN_ENUM_CONVERSION = YES;
				CLANG_WARN_INFINITE_RECURSION = YES;
				CLANG_WARN_INT_CONVERSION = YES;
				CLANG_WARN_OBJC_ROOT_CLASS = YES_ERROR;
				CLANG_WARN_SUSPICIOUS_MOVE = YES;
				CLANG_WARN_UNREACHABLE_CODE = YES;
				CLANG_WARN__DUPLICATE_METHOD_MATCH = YES;
				"CODE_SIGN_IDENTITY[sdk=iphoneos*]" = "iPhone Developer";
				COPY_PHASE_STRIP = NO;
				DEBUG_INFORMATION_FORMAT = "dwarf-with-dsym";
				ENABLE_NS_ASSERTIONS = NO;
				ENABLE_STRICT_OBJC_MSGSEND = YES;
				GCC_C_LANGUAGE_STANDARD = gnu99;
				GCC_NO_COMMON_BLOCKS = YES;
				GCC_WARN_64_TO_32_BIT_CONVERSION = YES;
				GCC_WARN_ABOUT_RETURN_TYPE = YES_ERROR;
				GCC_WARN_UNDECLARED_SELECTOR = YES;
				GCC_WARN_UNINITIALIZED_AUTOS = YES_AGGRESSIVE;
				GCC_WARN_UNUSED_FUNCTION = YES;
				GCC_WARN_UNUSED_VARIABLE = YES;
				IPHONEOS_DEPLOYMENT_TARGET = 10.2;
				MTL_ENABLE_DEBUG_INFO = NO;
				SDKROOT = iphoneos;
				VALIDATE_PRODUCT = YES;
			};
			name = Release;
		};
		D1776F201E9F1E9A00133C96 /* Debug */ = {
			isa = XCBuildConfiguration;
			buildSettings = {
				ASSETCATALOG_COMPILER_APPICON_NAME = AppIcon;
				INFOPLIST_FILE = "Runtime练习/Info.plist";
				LD_RUNPATH_SEARCH_PATHS = "$(inherited) @executable_path/Frameworks";
				PRODUCT_BUNDLE_IDENTIFIER = "ZXD.Runtime--";
				PRODUCT_NAME = "$(TARGET_NAME)";
			};
			name = Debug;
		};
		D1776F211E9F1E9A00133C96 /* Release */ = {
			isa = XCBuildConfiguration;
			buildSettings = {
				ASSETCATALOG_COMPILER_APPICON_NAME = AppIcon;
				INFOPLIST_FILE = "Runtime练习/Info.plist";
				LD_RUNPATH_SEARCH_PATHS = "$(inherited) @executable_path/Frameworks";
				PRODUCT_BUNDLE_IDENTIFIER = "ZXD.Runtime--";
				PRODUCT_NAME = "$(TARGET_NAME)";
			};
			name = Release;
		};
		D1776F231E9F1E9A00133C96 /* Debug */ = {
			isa = XCBuildConfiguration;
			buildSettings = {
				BUNDLE_LOADER = "$(TEST_HOST)";
				INFOPLIST_FILE = "Runtime练习Tests/Info.plist";
				LD_RUNPATH_SEARCH_PATHS = "$(inherited) @executable_path/Frameworks @loader_path/Frameworks";
				PRODUCT_BUNDLE_IDENTIFIER = "ZXD.Runtime--Tests";
				PRODUCT_NAME = "$(TARGET_NAME)";
				TEST_HOST = "$(BUILT_PRODUCTS_DIR)/Runtime练习.app/Runtime练习";
			};
			name = Debug;
		};
		D1776F241E9F1E9A00133C96 /* Release */ = {
			isa = XCBuildConfiguration;
			buildSettings = {
				BUNDLE_LOADER = "$(TEST_HOST)";
				INFOPLIST_FILE = "Runtime练习Tests/Info.plist";
				LD_RUNPATH_SEARCH_PATHS = "$(inherited) @executable_path/Frameworks @loader_path/Frameworks";
				PRODUCT_BUNDLE_IDENTIFIER = "ZXD.Runtime--Tests";
				PRODUCT_NAME = "$(TARGET_NAME)";
				TEST_HOST = "$(BUILT_PRODUCTS_DIR)/Runtime练习.app/Runtime练习";
			};
			name = Release;
		};
		D1776F261E9F1E9A00133C96 /* Debug */ = {
			isa = XCBuildConfiguration;
			buildSettings = {
				INFOPLIST_FILE = "Runtime练习UITests/Info.plist";
				LD_RUNPATH_SEARCH_PATHS = "$(inherited) @executable_path/Frameworks @loader_path/Frameworks";
				PRODUCT_BUNDLE_IDENTIFIER = "ZXD.Runtime--UITests";
				PRODUCT_NAME = "$(TARGET_NAME)";
				TEST_TARGET_NAME = "Runtime练习";
			};
			name = Debug;
		};
		D1776F271E9F1E9A00133C96 /* Release */ = {
			isa = XCBuildConfiguration;
			buildSettings = {
				INFOPLIST_FILE = "Runtime练习UITests/Info.plist";
				LD_RUNPATH_SEARCH_PATHS = "$(inherited) @executable_path/Frameworks @loader_path/Frameworks";
				PRODUCT_BUNDLE_IDENTIFIER = "ZXD.Runtime--UITests";
				PRODUCT_NAME = "$(TARGET_NAME)";
				TEST_TARGET_NAME = "Runtime练习";
			};
			name = Release;
		};
/* End XCBuildConfiguration section */

/* Begin XCConfigurationList section */
		D1776EED1E9F1E9900133C96 /* Build configuration list for PBXProject "Runtime练习" */ = {
			isa = XCConfigurationList;
			buildConfigurations = (
				D1776F1D1E9F1E9A00133C96 /* Debug */,
				D1776F1E1E9F1E9A00133C96 /* Release */,
			);
			defaultConfigurationIsVisible = 0;
			defaultConfigurationName = Release;
		};
		D1776F1F1E9F1E9A00133C96 /* Build configuration list for PBXNativeTarget "Runtime练习" */ = {
			isa = XCConfigurationList;
			buildConfigurations = (
				D1776F201E9F1E9A00133C96 /* Debug */,
				D1776F211E9F1E9A00133C96 /* Release */,
			);
			defaultConfigurationIsVisible = 0;
		};
		D1776F221E9F1E9A00133C96 /* Build configuration list for PBXNativeTarget "Runtime练习Tests" */ = {
			isa = XCConfigurationList;
			buildConfigurations = (
				D1776F231E9F1E9A00133C96 /* Debug */,
				D1776F241E9F1E9A00133C96 /* Release */,
			);
			defaultConfigurationIsVisible = 0;
		};
		D1776F251E9F1E9A00133C96 /* Build configuration list for PBXNativeTarget "Runtime练习UITests" */ = {
			isa = XCConfigurationList;
			buildConfigurations = (
				D1776F261E9F1E9A00133C96 /* Debug */,
				D1776F271E9F1E9A00133C96 /* Release */,
			);
			defaultConfigurationIsVisible = 0;
		};
/* End XCConfigurationList section */
	};
	rootObject = D1776EEA1E9F1E9900133C96 /* Project object */;
}
